// !$*UTF8*$!
{
	archiveVersion = 1;
	classes = {
	};
	objectVersion = 46;
	objects = {

/* Begin PBXBuildFile section */
		1801597C1F4DA4C4000A3DA6 /* LoginViewController.swift in Sources */ = {isa = PBXBuildFile; fileRef = 1801597B1F4DA4C4000A3DA6 /* LoginViewController.swift */; };
		1801597E1F4DAADB000A3DA6 /* Assets.xcassets in Resources */ = {isa = PBXBuildFile; fileRef = 1801597D1F4DAADB000A3DA6 /* Assets.xcassets */; };
		180159801F4DAF57000A3DA6 /* SwitchViewController.swift in Sources */ = {isa = PBXBuildFile; fileRef = 1801597F1F4DAF57000A3DA6 /* SwitchViewController.swift */; };
		180159821F4DB0D5000A3DA6 /* DesignsViewController.swift in Sources */ = {isa = PBXBuildFile; fileRef = 180159811F4DB0D5000A3DA6 /* DesignsViewController.swift */; };
		180159841F4DB54E000A3DA6 /* PlansViewController.swift in Sources */ = {isa = PBXBuildFile; fileRef = 180159831F4DB54E000A3DA6 /* PlansViewController.swift */; };
		1801598B1F4DB8C6000A3DA6 /* ManualsViewController.m in Sources */ = {isa = PBXBuildFile; fileRef = 1801598A1F4DB8C6000A3DA6 /* ManualsViewController.m */; };
		1811683B1F4BE65700CB2D05 /* AppDelegate.swift in Sources */ = {isa = PBXBuildFile; fileRef = 1811683A1F4BE65700CB2D05 /* AppDelegate.swift */; };
		181168441F4BE65700CB2D05 /* Main.storyboard in Resources */ = {isa = PBXBuildFile; fileRef = 181168421F4BE65700CB2D05 /* Main.storyboard */; };
		181168491F4BE65700CB2D05 /* LaunchScreen.storyboard in Resources */ = {isa = PBXBuildFile; fileRef = 181168471F4BE65700CB2D05 /* LaunchScreen.storyboard */; };
		181168541F4BE65700CB2D05 /* Playground_IdeasTests.swift in Sources */ = {isa = PBXBuildFile; fileRef = 181168531F4BE65700CB2D05 /* Playground_IdeasTests.swift */; };
		182D846F1F6056E300006D0C /* HTTPMethods.swift in Sources */ = {isa = PBXBuildFile; fileRef = 182D846E1F6056E300006D0C /* HTTPMethods.swift */; };
		182D84741F61606C00006D0C /* HTTPResponseHandler.swift in Sources */ = {isa = PBXBuildFile; fileRef = 182D84731F61606C00006D0C /* HTTPResponseHandler.swift */; };
		184190EC1F58598F0020AFBE /* PlaygroundIdeasAPI.framework in Frameworks */ = {isa = PBXBuildFile; fileRef = 184190E31F58598E0020AFBE /* PlaygroundIdeasAPI.framework */; };
		184190F31F58598F0020AFBE /* PlaygroundIdeasAPITests.swift in Sources */ = {isa = PBXBuildFile; fileRef = 184190F21F58598F0020AFBE /* PlaygroundIdeasAPITests.swift */; };
		184190F51F58598F0020AFBE /* PlaygroundIdeasAPI.h in Headers */ = {isa = PBXBuildFile; fileRef = 184190E51F58598E0020AFBE /* PlaygroundIdeasAPI.h */; settings = {ATTRIBUTES = (Public, ); }; };
		184190F81F58598F0020AFBE /* PlaygroundIdeasAPI.framework in Frameworks */ = {isa = PBXBuildFile; fileRef = 184190E31F58598E0020AFBE /* PlaygroundIdeasAPI.framework */; };
		184190F91F58598F0020AFBE /* PlaygroundIdeasAPI.framework in Embed Frameworks */ = {isa = PBXBuildFile; fileRef = 184190E31F58598E0020AFBE /* PlaygroundIdeasAPI.framework */; settings = {ATTRIBUTES = (CodeSignOnCopy, RemoveHeadersOnCopy, ); }; };
		184191041F585A670020AFBE /* PlaygroundIdeas.swift in Sources */ = {isa = PBXBuildFile; fileRef = 184191031F585A670020AFBE /* PlaygroundIdeas.swift */; };
		184191061F585CDC0020AFBE /* Authentication+PlaygroundIdeas.swift in Sources */ = {isa = PBXBuildFile; fileRef = 184191051F585CDC0020AFBE /* Authentication+PlaygroundIdeas.swift */; };
		18ED308A1F57E7E200E7E9E7 /* Alert+UIViewController.swift in Sources */ = {isa = PBXBuildFile; fileRef = 18ED30891F57E7E200E7E9E7 /* Alert+UIViewController.swift */; };
/* End PBXBuildFile section */

/* Begin PBXContainerItemProxy section */
		181168501F4BE65700CB2D05 /* PBXContainerItemProxy */ = {
			isa = PBXContainerItemProxy;
			containerPortal = 1811682F1F4BE65700CB2D05 /* Project object */;
			proxyType = 1;
			remoteGlobalIDString = 181168361F4BE65700CB2D05;
			remoteInfo = "Playground Ideas";
		};
		184190ED1F58598F0020AFBE /* PBXContainerItemProxy */ = {
			isa = PBXContainerItemProxy;
			containerPortal = 1811682F1F4BE65700CB2D05 /* Project object */;
			proxyType = 1;
			remoteGlobalIDString = 184190E21F58598E0020AFBE;
			remoteInfo = PlaygroundIdeasAPI;
		};
		184190EF1F58598F0020AFBE /* PBXContainerItemProxy */ = {
			isa = PBXContainerItemProxy;
			containerPortal = 1811682F1F4BE65700CB2D05 /* Project object */;
			proxyType = 1;
			remoteGlobalIDString = 181168361F4BE65700CB2D05;
			remoteInfo = "Playground Ideas";
		};
		184190F61F58598F0020AFBE /* PBXContainerItemProxy */ = {
			isa = PBXContainerItemProxy;
			containerPortal = 1811682F1F4BE65700CB2D05 /* Project object */;
			proxyType = 1;
			remoteGlobalIDString = 184190E21F58598E0020AFBE;
			remoteInfo = PlaygroundIdeasAPI;
		};
/* End PBXContainerItemProxy section */

/* Begin PBXCopyFilesBuildPhase section */
		184190FF1F58598F0020AFBE /* Embed Frameworks */ = {
			isa = PBXCopyFilesBuildPhase;
			buildActionMask = 2147483647;
			dstPath = "";
			dstSubfolderSpec = 10;
			files = (
				184190F91F58598F0020AFBE /* PlaygroundIdeasAPI.framework in Embed Frameworks */,
			);
			name = "Embed Frameworks";
			runOnlyForDeploymentPostprocessing = 0;
		};
/* End PBXCopyFilesBuildPhase section */

/* Begin PBXFileReference section */
		1801597B1F4DA4C4000A3DA6 /* LoginViewController.swift */ = {isa = PBXFileReference; fileEncoding = 4; lastKnownFileType = sourcecode.swift; path = LoginViewController.swift; sourceTree = "<group>"; };
		1801597D1F4DAADB000A3DA6 /* Assets.xcassets */ = {isa = PBXFileReference; lastKnownFileType = folder.assetcatalog; path = Assets.xcassets; sourceTree = "<group>"; };
		1801597F1F4DAF57000A3DA6 /* SwitchViewController.swift */ = {isa = PBXFileReference; fileEncoding = 4; lastKnownFileType = sourcecode.swift; path = SwitchViewController.swift; sourceTree = "<group>"; };
		180159811F4DB0D5000A3DA6 /* DesignsViewController.swift */ = {isa = PBXFileReference; fileEncoding = 4; lastKnownFileType = sourcecode.swift; path = DesignsViewController.swift; sourceTree = "<group>"; };
		180159831F4DB54E000A3DA6 /* PlansViewController.swift */ = {isa = PBXFileReference; fileEncoding = 4; lastKnownFileType = sourcecode.swift; path = PlansViewController.swift; sourceTree = "<group>"; };
		180159851F4DB7CE000A3DA6 /* Playground Ideas-Bridging-Header.h */ = {isa = PBXFileReference; lastKnownFileType = sourcecode.c.h; path = "Playground Ideas-Bridging-Header.h"; sourceTree = "<group>"; };
		180159891F4DB8C6000A3DA6 /* ManualsViewController.h */ = {isa = PBXFileReference; fileEncoding = 4; lastKnownFileType = sourcecode.c.h; path = ManualsViewController.h; sourceTree = "<group>"; };
		1801598A1F4DB8C6000A3DA6 /* ManualsViewController.m */ = {isa = PBXFileReference; fileEncoding = 4; lastKnownFileType = sourcecode.c.objc; path = ManualsViewController.m; sourceTree = "<group>"; };
		181168371F4BE65700CB2D05 /* Playground Ideas.app */ = {isa = PBXFileReference; explicitFileType = wrapper.application; includeInIndex = 0; path = "Playground Ideas.app"; sourceTree = BUILT_PRODUCTS_DIR; };
		1811683A1F4BE65700CB2D05 /* AppDelegate.swift */ = {isa = PBXFileReference; lastKnownFileType = sourcecode.swift; path = AppDelegate.swift; sourceTree = "<group>"; };
		181168431F4BE65700CB2D05 /* Base */ = {isa = PBXFileReference; lastKnownFileType = file.storyboard; name = Base; path = Base.lproj/Main.storyboard; sourceTree = "<group>"; };
		181168481F4BE65700CB2D05 /* Base */ = {isa = PBXFileReference; lastKnownFileType = file.storyboard; name = Base; path = Base.lproj/LaunchScreen.storyboard; sourceTree = "<group>"; };
		1811684A1F4BE65700CB2D05 /* Info.plist */ = {isa = PBXFileReference; lastKnownFileType = text.plist.xml; path = Info.plist; sourceTree = "<group>"; };
		1811684F1F4BE65700CB2D05 /* Playground IdeasTests.xctest */ = {isa = PBXFileReference; explicitFileType = wrapper.cfbundle; includeInIndex = 0; path = "Playground IdeasTests.xctest"; sourceTree = BUILT_PRODUCTS_DIR; };
		181168531F4BE65700CB2D05 /* Playground_IdeasTests.swift */ = {isa = PBXFileReference; lastKnownFileType = sourcecode.swift; path = Playground_IdeasTests.swift; sourceTree = "<group>"; };
		181168551F4BE65700CB2D05 /* Info.plist */ = {isa = PBXFileReference; lastKnownFileType = text.plist.xml; path = Info.plist; sourceTree = "<group>"; };
		182D846E1F6056E300006D0C /* HTTPMethods.swift */ = {isa = PBXFileReference; fileEncoding = 4; lastKnownFileType = sourcecode.swift; path = HTTPMethods.swift; sourceTree = "<group>"; };
		182D84731F61606C00006D0C /* HTTPResponseHandler.swift */ = {isa = PBXFileReference; fileEncoding = 4; lastKnownFileType = sourcecode.swift; path = HTTPResponseHandler.swift; sourceTree = "<group>"; };
		184190E31F58598E0020AFBE /* PlaygroundIdeasAPI.framework */ = {isa = PBXFileReference; explicitFileType = wrapper.framework; includeInIndex = 0; path = PlaygroundIdeasAPI.framework; sourceTree = BUILT_PRODUCTS_DIR; };
		184190E51F58598E0020AFBE /* PlaygroundIdeasAPI.h */ = {isa = PBXFileReference; lastKnownFileType = sourcecode.c.h; path = PlaygroundIdeasAPI.h; sourceTree = "<group>"; };
		184190E61F58598E0020AFBE /* Info.plist */ = {isa = PBXFileReference; lastKnownFileType = text.plist.xml; path = Info.plist; sourceTree = "<group>"; };
		184190EB1F58598E0020AFBE /* PlaygroundIdeasAPITests.xctest */ = {isa = PBXFileReference; explicitFileType = wrapper.cfbundle; includeInIndex = 0; path = PlaygroundIdeasAPITests.xctest; sourceTree = BUILT_PRODUCTS_DIR; };
		184190F21F58598F0020AFBE /* PlaygroundIdeasAPITests.swift */ = {isa = PBXFileReference; lastKnownFileType = sourcecode.swift; path = PlaygroundIdeasAPITests.swift; sourceTree = "<group>"; };
		184190F41F58598F0020AFBE /* Info.plist */ = {isa = PBXFileReference; lastKnownFileType = text.plist.xml; path = Info.plist; sourceTree = "<group>"; };
		184191031F585A670020AFBE /* PlaygroundIdeas.swift */ = {isa = PBXFileReference; fileEncoding = 4; lastKnownFileType = sourcecode.swift; path = PlaygroundIdeas.swift; sourceTree = "<group>"; };
		184191051F585CDC0020AFBE /* Authentication+PlaygroundIdeas.swift */ = {isa = PBXFileReference; fileEncoding = 4; lastKnownFileType = sourcecode.swift; path = "Authentication+PlaygroundIdeas.swift"; sourceTree = "<group>"; };
		1865DF321F4E6B790098B4EC /* MyPlayground.playground */ = {isa = PBXFileReference; lastKnownFileType = file.playground; path = MyPlayground.playground; sourceTree = "<group>"; };
		18ED30891F57E7E200E7E9E7 /* Alert+UIViewController.swift */ = {isa = PBXFileReference; fileEncoding = 4; lastKnownFileType = sourcecode.swift; path = "Alert+UIViewController.swift"; sourceTree = "<group>"; };
/* End PBXFileReference section */

/* Begin PBXFrameworksBuildPhase section */
		181168341F4BE65700CB2D05 /* Frameworks */ = {
			isa = PBXFrameworksBuildPhase;
			buildActionMask = 2147483647;
			files = (
				184190F81F58598F0020AFBE /* PlaygroundIdeasAPI.framework in Frameworks */,
			);
			runOnlyForDeploymentPostprocessing = 0;
		};
		1811684C1F4BE65700CB2D05 /* Frameworks */ = {
			isa = PBXFrameworksBuildPhase;
			buildActionMask = 2147483647;
			files = (
			);
			runOnlyForDeploymentPostprocessing = 0;
		};
		184190DF1F58598E0020AFBE /* Frameworks */ = {
			isa = PBXFrameworksBuildPhase;
			buildActionMask = 2147483647;
			files = (
			);
			runOnlyForDeploymentPostprocessing = 0;
		};
		184190E81F58598E0020AFBE /* Frameworks */ = {
			isa = PBXFrameworksBuildPhase;
			buildActionMask = 2147483647;
			files = (
				184190EC1F58598F0020AFBE /* PlaygroundIdeasAPI.framework in Frameworks */,
			);
			runOnlyForDeploymentPostprocessing = 0;
		};
/* End PBXFrameworksBuildPhase section */

/* Begin PBXGroup section */
		1801598C1F4DBA3B000A3DA6 /* ViewController */ = {
			isa = PBXGroup;
			children = (
				1801597B1F4DA4C4000A3DA6 /* LoginViewController.swift */,
				1801597F1F4DAF57000A3DA6 /* SwitchViewController.swift */,
				180159811F4DB0D5000A3DA6 /* DesignsViewController.swift */,
				180159831F4DB54E000A3DA6 /* PlansViewController.swift */,
				180159891F4DB8C6000A3DA6 /* ManualsViewController.h */,
				1801598A1F4DB8C6000A3DA6 /* ManualsViewController.m */,
			);
			name = ViewController;
			sourceTree = "<group>";
		};
		1811682E1F4BE65700CB2D05 = {
			isa = PBXGroup;
			children = (
				181168391F4BE65700CB2D05 /* Playground Ideas */,
				181168521F4BE65700CB2D05 /* Playground IdeasTests */,
				184190E41F58598E0020AFBE /* PlaygroundIdeasAPI */,
				184190F11F58598F0020AFBE /* PlaygroundIdeasAPITests */,
				181168381F4BE65700CB2D05 /* Products */,
			);
			sourceTree = "<group>";
		};
		181168381F4BE65700CB2D05 /* Products */ = {
			isa = PBXGroup;
			children = (
				181168371F4BE65700CB2D05 /* Playground Ideas.app */,
				1811684F1F4BE65700CB2D05 /* Playground IdeasTests.xctest */,
				184190E31F58598E0020AFBE /* PlaygroundIdeasAPI.framework */,
				184190EB1F58598E0020AFBE /* PlaygroundIdeasAPITests.xctest */,
			);
			name = Products;
			sourceTree = "<group>";
		};
		181168391F4BE65700CB2D05 /* Playground Ideas */ = {
			isa = PBXGroup;
			children = (
				180159851F4DB7CE000A3DA6 /* Playground Ideas-Bridging-Header.h */,
				1811683A1F4BE65700CB2D05 /* AppDelegate.swift */,
				1865DF321F4E6B790098B4EC /* MyPlayground.playground */,
				18BDAB341F61756A002FD7F2 /* View */,
				182D84721F61603600006D0C /* HTTPHandler */,
				1801598C1F4DBA3B000A3DA6 /* ViewController */,
				18ED30881F57E79600E7E9E7 /* Extension */,
				1811684A1F4BE65700CB2D05 /* Info.plist */,
				1801597D1F4DAADB000A3DA6 /* Assets.xcassets */,
			);
			path = "Playground Ideas";
			sourceTree = "<group>";
		};
		181168521F4BE65700CB2D05 /* Playground IdeasTests */ = {
			isa = PBXGroup;
			children = (
				181168531F4BE65700CB2D05 /* Playground_IdeasTests.swift */,
				181168551F4BE65700CB2D05 /* Info.plist */,
			);
			path = "Playground IdeasTests";
			sourceTree = "<group>";
		};
		182D84721F61603600006D0C /* HTTPHandler */ = {
			isa = PBXGroup;
			children = (
				182D84731F61606C00006D0C /* HTTPResponseHandler.swift */,
			);
			name = HTTPHandler;
			sourceTree = "<group>";
		};
		184190E41F58598E0020AFBE /* PlaygroundIdeasAPI */ = {
			isa = PBXGroup;
			children = (
				184190E51F58598E0020AFBE /* PlaygroundIdeasAPI.h */,
				184190E61F58598E0020AFBE /* Info.plist */,
				184191031F585A670020AFBE /* PlaygroundIdeas.swift */,
				182D846E1F6056E300006D0C /* HTTPMethods.swift */,
				184191051F585CDC0020AFBE /* Authentication+PlaygroundIdeas.swift */,
			);
			path = PlaygroundIdeasAPI;
			sourceTree = "<group>";
		};
		184190F11F58598F0020AFBE /* PlaygroundIdeasAPITests */ = {
			isa = PBXGroup;
			children = (
				184190F21F58598F0020AFBE /* PlaygroundIdeasAPITests.swift */,
				184190F41F58598F0020AFBE /* Info.plist */,
			);
			path = PlaygroundIdeasAPITests;
			sourceTree = "<group>";
		};
		18BDAB341F61756A002FD7F2 /* View */ = {
			isa = PBXGroup;
			children = (
				181168421F4BE65700CB2D05 /* Main.storyboard */,
				181168471F4BE65700CB2D05 /* LaunchScreen.storyboard */,
			);
			name = View;
			sourceTree = "<group>";
		};
		18ED30881F57E79600E7E9E7 /* Extension */ = {
			isa = PBXGroup;
			children = (
				18ED30891F57E7E200E7E9E7 /* Alert+UIViewController.swift */,
			);
			name = Extension;
			sourceTree = "<group>";
		};
/* End PBXGroup section */

/* Begin PBXHeadersBuildPhase section */
		184190E01F58598E0020AFBE /* Headers */ = {
			isa = PBXHeadersBuildPhase;
			buildActionMask = 2147483647;
			files = (
				184190F51F58598F0020AFBE /* PlaygroundIdeasAPI.h in Headers */,
			);
			runOnlyForDeploymentPostprocessing = 0;
		};
/* End PBXHeadersBuildPhase section */

/* Begin PBXNativeTarget section */
		181168361F4BE65700CB2D05 /* Playground Ideas */ = {
			isa = PBXNativeTarget;
			buildConfigurationList = 181168581F4BE65700CB2D05 /* Build configuration list for PBXNativeTarget "Playground Ideas" */;
			buildPhases = (
				181168331F4BE65700CB2D05 /* Sources */,
				181168341F4BE65700CB2D05 /* Frameworks */,
				181168351F4BE65700CB2D05 /* Resources */,
				184190FF1F58598F0020AFBE /* Embed Frameworks */,
			);
			buildRules = (
			);
			dependencies = (
				184190F71F58598F0020AFBE /* PBXTargetDependency */,
			);
			name = "Playground Ideas";
			productName = "Playground Ideas";
			productReference = 181168371F4BE65700CB2D05 /* Playground Ideas.app */;
			productType = "com.apple.product-type.application";
		};
		1811684E1F4BE65700CB2D05 /* Playground IdeasTests */ = {
			isa = PBXNativeTarget;
			buildConfigurationList = 1811685B1F4BE65700CB2D05 /* Build configuration list for PBXNativeTarget "Playground IdeasTests" */;
			buildPhases = (
				1811684B1F4BE65700CB2D05 /* Sources */,
				1811684C1F4BE65700CB2D05 /* Frameworks */,
				1811684D1F4BE65700CB2D05 /* Resources */,
			);
			buildRules = (
			);
			dependencies = (
				181168511F4BE65700CB2D05 /* PBXTargetDependency */,
			);
			name = "Playground IdeasTests";
			productName = "Playground IdeasTests";
			productReference = 1811684F1F4BE65700CB2D05 /* Playground IdeasTests.xctest */;
			productType = "com.apple.product-type.bundle.unit-test";
		};
		184190E21F58598E0020AFBE /* PlaygroundIdeasAPI */ = {
			isa = PBXNativeTarget;
			buildConfigurationList = 184190FE1F58598F0020AFBE /* Build configuration list for PBXNativeTarget "PlaygroundIdeasAPI" */;
			buildPhases = (
				184190DE1F58598E0020AFBE /* Sources */,
				184190DF1F58598E0020AFBE /* Frameworks */,
				184190E01F58598E0020AFBE /* Headers */,
				184190E11F58598E0020AFBE /* Resources */,
			);
			buildRules = (
			);
			dependencies = (
			);
			name = PlaygroundIdeasAPI;
			productName = PlaygroundIdeasAPI;
			productReference = 184190E31F58598E0020AFBE /* PlaygroundIdeasAPI.framework */;
			productType = "com.apple.product-type.framework";
		};
		184190EA1F58598E0020AFBE /* PlaygroundIdeasAPITests */ = {
			isa = PBXNativeTarget;
			buildConfigurationList = 184191001F58598F0020AFBE /* Build configuration list for PBXNativeTarget "PlaygroundIdeasAPITests" */;
			buildPhases = (
				184190E71F58598E0020AFBE /* Sources */,
				184190E81F58598E0020AFBE /* Frameworks */,
				184190E91F58598E0020AFBE /* Resources */,
			);
			buildRules = (
			);
			dependencies = (
				184190EE1F58598F0020AFBE /* PBXTargetDependency */,
				184190F01F58598F0020AFBE /* PBXTargetDependency */,
			);
			name = PlaygroundIdeasAPITests;
			productName = PlaygroundIdeasAPITests;
			productReference = 184190EB1F58598E0020AFBE /* PlaygroundIdeasAPITests.xctest */;
			productType = "com.apple.product-type.bundle.unit-test";
		};
/* End PBXNativeTarget section */

/* Begin PBXProject section */
		1811682F1F4BE65700CB2D05 /* Project object */ = {
			isa = PBXProject;
			attributes = {
				LastSwiftUpdateCheck = 0830;
				LastUpgradeCheck = 0830;
				ORGANIZATIONNAME = PlaygroundIdeasQuoll;
				TargetAttributes = {
					181168361F4BE65700CB2D05 = {
						CreatedOnToolsVersion = 8.3.1;
						DevelopmentTeam = KFX623L827;
						LastSwiftMigration = 0830;
						ProvisioningStyle = Automatic;
					};
					1811684E1F4BE65700CB2D05 = {
						CreatedOnToolsVersion = 8.3.1;
						DevelopmentTeam = KFX623L827;
						ProvisioningStyle = Automatic;
						TestTargetID = 181168361F4BE65700CB2D05;
					};
					184190E21F58598E0020AFBE = {
						CreatedOnToolsVersion = 8.3.1;
						DevelopmentTeam = KFX623L827;
						LastSwiftMigration = 0830;
						ProvisioningStyle = Automatic;
					};
					184190EA1F58598E0020AFBE = {
						CreatedOnToolsVersion = 8.3.1;
						DevelopmentTeam = KFX623L827;
						ProvisioningStyle = Automatic;
						TestTargetID = 181168361F4BE65700CB2D05;
					};
				};
			};
			buildConfigurationList = 181168321F4BE65700CB2D05 /* Build configuration list for PBXProject "Playground Ideas" */;
			compatibilityVersion = "Xcode 3.2";
			developmentRegion = English;
			hasScannedForEncodings = 0;
			knownRegions = (
				en,
				Base,
			);
			mainGroup = 1811682E1F4BE65700CB2D05;
			productRefGroup = 181168381F4BE65700CB2D05 /* Products */;
			projectDirPath = "";
			projectRoot = "";
			targets = (
				181168361F4BE65700CB2D05 /* Playground Ideas */,
				1811684E1F4BE65700CB2D05 /* Playground IdeasTests */,
				184190E21F58598E0020AFBE /* PlaygroundIdeasAPI */,
				184190EA1F58598E0020AFBE /* PlaygroundIdeasAPITests */,
			);
		};
/* End PBXProject section */

/* Begin PBXResourcesBuildPhase section */
		181168351F4BE65700CB2D05 /* Resources */ = {
			isa = PBXResourcesBuildPhase;
			buildActionMask = 2147483647;
			files = (
				181168491F4BE65700CB2D05 /* LaunchScreen.storyboard in Resources */,
				1801597E1F4DAADB000A3DA6 /* Assets.xcassets in Resources */,
				181168441F4BE65700CB2D05 /* Main.storyboard in Resources */,
			);
			runOnlyForDeploymentPostprocessing = 0;
		};
		1811684D1F4BE65700CB2D05 /* Resources */ = {
			isa = PBXResourcesBuildPhase;
			buildActionMask = 2147483647;
			files = (
			);
			runOnlyForDeploymentPostprocessing = 0;
		};
		184190E11F58598E0020AFBE /* Resources */ = {
			isa = PBXResourcesBuildPhase;
			buildActionMask = 2147483647;
			files = (
			);
			runOnlyForDeploymentPostprocessing = 0;
		};
		184190E91F58598E0020AFBE /* Resources */ = {
			isa = PBXResourcesBuildPhase;
			buildActionMask = 2147483647;
			files = (
			);
			runOnlyForDeploymentPostprocessing = 0;
		};
/* End PBXResourcesBuildPhase section */

/* Begin PBXSourcesBuildPhase section */
		181168331F4BE65700CB2D05 /* Sources */ = {
			isa = PBXSourcesBuildPhase;
			buildActionMask = 2147483647;
			files = (
				1801598B1F4DB8C6000A3DA6 /* ManualsViewController.m in Sources */,
				180159801F4DAF57000A3DA6 /* SwitchViewController.swift in Sources */,
				182D84741F61606C00006D0C /* HTTPResponseHandler.swift in Sources */,
				1801597C1F4DA4C4000A3DA6 /* LoginViewController.swift in Sources */,
				180159821F4DB0D5000A3DA6 /* DesignsViewController.swift in Sources */,
				180159841F4DB54E000A3DA6 /* PlansViewController.swift in Sources */,
				18ED308A1F57E7E200E7E9E7 /* Alert+UIViewController.swift in Sources */,
				1811683B1F4BE65700CB2D05 /* AppDelegate.swift in Sources */,
			);
			runOnlyForDeploymentPostprocessing = 0;
		};
		1811684B1F4BE65700CB2D05 /* Sources */ = {
			isa = PBXSourcesBuildPhase;
			buildActionMask = 2147483647;
			files = (
				181168541F4BE65700CB2D05 /* Playground_IdeasTests.swift in Sources */,
			);
			runOnlyForDeploymentPostprocessing = 0;
		};
		184190DE1F58598E0020AFBE /* Sources */ = {
			isa = PBXSourcesBuildPhase;
			buildActionMask = 2147483647;
			files = (
				184191041F585A670020AFBE /* PlaygroundIdeas.swift in Sources */,
				184191061F585CDC0020AFBE /* Authentication+PlaygroundIdeas.swift in Sources */,
				182D846F1F6056E300006D0C /* HTTPMethods.swift in Sources */,
			);
			runOnlyForDeploymentPostprocessing = 0;
		};
		184190E71F58598E0020AFBE /* Sources */ = {
			isa = PBXSourcesBuildPhase;
			buildActionMask = 2147483647;
			files = (
				184190F31F58598F0020AFBE /* PlaygroundIdeasAPITests.swift in Sources */,
			);
			runOnlyForDeploymentPostprocessing = 0;
		};
/* End PBXSourcesBuildPhase section */

/* Begin PBXTargetDependency section */
		181168511F4BE65700CB2D05 /* PBXTargetDependency */ = {
			isa = PBXTargetDependency;
			target = 181168361F4BE65700CB2D05 /* Playground Ideas */;
			targetProxy = 181168501F4BE65700CB2D05 /* PBXContainerItemProxy */;
		};
		184190EE1F58598F0020AFBE /* PBXTargetDependency */ = {
			isa = PBXTargetDependency;
			target = 184190E21F58598E0020AFBE /* PlaygroundIdeasAPI */;
			targetProxy = 184190ED1F58598F0020AFBE /* PBXContainerItemProxy */;
		};
		184190F01F58598F0020AFBE /* PBXTargetDependency */ = {
			isa = PBXTargetDependency;
			target = 181168361F4BE65700CB2D05 /* Playground Ideas */;
			targetProxy = 184190EF1F58598F0020AFBE /* PBXContainerItemProxy */;
		};
		184190F71F58598F0020AFBE /* PBXTargetDependency */ = {
			isa = PBXTargetDependency;
			target = 184190E21F58598E0020AFBE /* PlaygroundIdeasAPI */;
			targetProxy = 184190F61F58598F0020AFBE /* PBXContainerItemProxy */;
		};
/* End PBXTargetDependency section */

/* Begin PBXVariantGroup section */
		181168421F4BE65700CB2D05 /* Main.storyboard */ = {
			isa = PBXVariantGroup;
			children = (
				181168431F4BE65700CB2D05 /* Base */,
			);
			name = Main.storyboard;
			sourceTree = "<group>";
		};
		181168471F4BE65700CB2D05 /* LaunchScreen.storyboard */ = {
			isa = PBXVariantGroup;
			children = (
				181168481F4BE65700CB2D05 /* Base */,
			);
			name = LaunchScreen.storyboard;
			sourceTree = "<group>";
		};
/* End PBXVariantGroup section */

/* Begin XCBuildConfiguration section */
		181168561F4BE65700CB2D05 /* Debug */ = {
			isa = XCBuildConfiguration;
			buildSettings = {
				ALWAYS_SEARCH_USER_PATHS = NO;
				CLANG_ANALYZER_NONNULL = YES;
				CLANG_ANALYZER_NUMBER_OBJECT_CONVERSION = YES_AGGRESSIVE;
				CLANG_CXX_LANGUAGE_STANDARD = "gnu++0x";
				CLANG_CXX_LIBRARY = "libc++";
				CLANG_ENABLE_MODULES = YES;
				CLANG_ENABLE_OBJC_ARC = YES;
				CLANG_WARN_BOOL_CONVERSION = YES;
				CLANG_WARN_CONSTANT_CONVERSION = YES;
				CLANG_WARN_DIRECT_OBJC_ISA_USAGE = YES_ERROR;
				CLANG_WARN_DOCUMENTATION_COMMENTS = YES;
				CLANG_WARN_EMPTY_BODY = YES;
				CLANG_WARN_ENUM_CONVERSION = YES;
				CLANG_WARN_INFINITE_RECURSION = YES;
				CLANG_WARN_INT_CONVERSION = YES;
				CLANG_WARN_OBJC_ROOT_CLASS = YES_ERROR;
				CLANG_WARN_SUSPICIOUS_MOVE = YES;
				CLANG_WARN_UNREACHABLE_CODE = YES;
				CLANG_WARN__DUPLICATE_METHOD_MATCH = YES;
				"CODE_SIGN_IDENTITY[sdk=iphoneos*]" = "iPhone Developer";
				COPY_PHASE_STRIP = NO;
				DEBUG_INFORMATION_FORMAT = dwarf;
				ENABLE_STRICT_OBJC_MSGSEND = YES;
				ENABLE_TESTABILITY = YES;
				GCC_C_LANGUAGE_STANDARD = gnu99;
				GCC_DYNAMIC_NO_PIC = NO;
				GCC_NO_COMMON_BLOCKS = YES;
				GCC_OPTIMIZATION_LEVEL = 0;
				GCC_PREPROCESSOR_DEFINITIONS = (
					"DEBUG=1",
					"$(inherited)",
				);
				GCC_WARN_64_TO_32_BIT_CONVERSION = YES;
				GCC_WARN_ABOUT_RETURN_TYPE = YES_ERROR;
				GCC_WARN_UNDECLARED_SELECTOR = YES;
				GCC_WARN_UNINITIALIZED_AUTOS = YES_AGGRESSIVE;
				GCC_WARN_UNUSED_FUNCTION = YES;
				GCC_WARN_UNUSED_VARIABLE = YES;
				IPHONEOS_DEPLOYMENT_TARGET = 10.3;
				MTL_ENABLE_DEBUG_INFO = YES;
				ONLY_ACTIVE_ARCH = YES;
				OTHER_SWIFT_FLAGS = "-D DEBUG";
				SDKROOT = iphoneos;
				SWIFT_ACTIVE_COMPILATION_CONDITIONS = DEBUG;
				SWIFT_OPTIMIZATION_LEVEL = "-Onone";
				TARGETED_DEVICE_FAMILY = "1,2";
			};
			name = Debug;
		};
		181168571F4BE65700CB2D05 /* Release */ = {
			isa = XCBuildConfiguration;
			buildSettings = {
				ALWAYS_SEARCH_USER_PATHS = NO;
				CLANG_ANALYZER_NONNULL = YES;
				CLANG_ANALYZER_NUMBER_OBJECT_CONVERSION = YES_AGGRESSIVE;
				CLANG_CXX_LANGUAGE_STANDARD = "gnu++0x";
				CLANG_CXX_LIBRARY = "libc++";
				CLANG_ENABLE_MODULES = YES;
				CLANG_ENABLE_OBJC_ARC = YES;
				CLANG_WARN_BOOL_CONVERSION = YES;
				CLANG_WARN_CONSTANT_CONVERSION = YES;
				CLANG_WARN_DIRECT_OBJC_ISA_USAGE = YES_ERROR;
				CLANG_WARN_DOCUMENTATION_COMMENTS = YES;
				CLANG_WARN_EMPTY_BODY = YES;
				CLANG_WARN_ENUM_CONVERSION = YES;
				CLANG_WARN_INFINITE_RECURSION = YES;
				CLANG_WARN_INT_CONVERSION = YES;
				CLANG_WARN_OBJC_ROOT_CLASS = YES_ERROR;
				CLANG_WARN_SUSPICIOUS_MOVE = YES;
				CLANG_WARN_UNREACHABLE_CODE = YES;
				CLANG_WARN__DUPLICATE_METHOD_MATCH = YES;
				"CODE_SIGN_IDENTITY[sdk=iphoneos*]" = "iPhone Developer";
				COPY_PHASE_STRIP = NO;
				DEBUG_INFORMATION_FORMAT = "dwarf-with-dsym";
				ENABLE_NS_ASSERTIONS = NO;
				ENABLE_STRICT_OBJC_MSGSEND = YES;
				GCC_C_LANGUAGE_STANDARD = gnu99;
				GCC_NO_COMMON_BLOCKS = YES;
				GCC_WARN_64_TO_32_BIT_CONVERSION = YES;
				GCC_WARN_ABOUT_RETURN_TYPE = YES_ERROR;
				GCC_WARN_UNDECLARED_SELECTOR = YES;
				GCC_WARN_UNINITIALIZED_AUTOS = YES_AGGRESSIVE;
				GCC_WARN_UNUSED_FUNCTION = YES;
				GCC_WARN_UNUSED_VARIABLE = YES;
				IPHONEOS_DEPLOYMENT_TARGET = 10.3;
				MTL_ENABLE_DEBUG_INFO = NO;
				SDKROOT = iphoneos;
				SWIFT_OPTIMIZATION_LEVEL = "-Owholemodule";
				TARGETED_DEVICE_FAMILY = "1,2";
				VALIDATE_PRODUCT = YES;
			};
			name = Release;
		};
		181168591F4BE65700CB2D05 /* Debug */ = {
			isa = XCBuildConfiguration;
			buildSettings = {
				ALWAYS_EMBED_SWIFT_STANDARD_LIBRARIES = YES;
				ASSETCATALOG_COMPILER_APPICON_NAME = AppIcon;
				CLANG_ENABLE_MODULES = YES;
				DEVELOPMENT_TEAM = KFX623L827;
				INFOPLIST_FILE = "Playground Ideas/Info.plist";
				LD_RUNPATH_SEARCH_PATHS = "$(inherited) @executable_path/Frameworks";
				PRODUCT_BUNDLE_IDENTIFIER = "com.PlaygroundIdeasQuoll.Playground-Ideas";
				PRODUCT_NAME = "$(TARGET_NAME)";
				SWIFT_OBJC_BRIDGING_HEADER = "Playground Ideas/Playground Ideas-Bridging-Header.h";
				SWIFT_OPTIMIZATION_LEVEL = "-Onone";
				SWIFT_VERSION = 3.0;
			};
			name = Debug;
		};
		1811685A1F4BE65700CB2D05 /* Release */ = {
			isa = XCBuildConfiguration;
			buildSettings = {
				ALWAYS_EMBED_SWIFT_STANDARD_LIBRARIES = YES;
				ASSETCATALOG_COMPILER_APPICON_NAME = AppIcon;
				CLANG_ENABLE_MODULES = YES;
				DEVELOPMENT_TEAM = KFX623L827;
				INFOPLIST_FILE = "Playground Ideas/Info.plist";
				LD_RUNPATH_SEARCH_PATHS = "$(inherited) @executable_path/Frameworks";
				PRODUCT_BUNDLE_IDENTIFIER = "com.PlaygroundIdeasQuoll.Playground-Ideas";
				PRODUCT_NAME = "$(TARGET_NAME)";
				SWIFT_OBJC_BRIDGING_HEADER = "Playground Ideas/Playground Ideas-Bridging-Header.h";
				SWIFT_VERSION = 3.0;
			};
			name = Release;
		};
		1811685C1F4BE65700CB2D05 /* Debug */ = {
			isa = XCBuildConfiguration;
			buildSettings = {
				ALWAYS_EMBED_SWIFT_STANDARD_LIBRARIES = YES;
				BUNDLE_LOADER = "$(TEST_HOST)";
				DEVELOPMENT_TEAM = KFX623L827;
				INFOPLIST_FILE = "Playground IdeasTests/Info.plist";
				LD_RUNPATH_SEARCH_PATHS = "$(inherited) @executable_path/Frameworks @loader_path/Frameworks";
				PRODUCT_BUNDLE_IDENTIFIER = "com.PlaygroundIdeasQuoll.Playground-IdeasTests";
				PRODUCT_NAME = "$(TARGET_NAME)";
				SWIFT_VERSION = 3.0;
				TEST_HOST = "$(BUILT_PRODUCTS_DIR)/Playground Ideas.app/Playground Ideas";
			};
			name = Debug;
		};
		1811685D1F4BE65700CB2D05 /* Release */ = {
			isa = XCBuildConfiguration;
			buildSettings = {
				ALWAYS_EMBED_SWIFT_STANDARD_LIBRARIES = YES;
				BUNDLE_LOADER = "$(TEST_HOST)";
				DEVELOPMENT_TEAM = KFX623L827;
				INFOPLIST_FILE = "Playground IdeasTests/Info.plist";
				LD_RUNPATH_SEARCH_PATHS = "$(inherited) @executable_path/Frameworks @loader_path/Frameworks";
				PRODUCT_BUNDLE_IDENTIFIER = "com.PlaygroundIdeasQuoll.Playground-IdeasTests";
				PRODUCT_NAME = "$(TARGET_NAME)";
				SWIFT_VERSION = 3.0;
				TEST_HOST = "$(BUILT_PRODUCTS_DIR)/Playground Ideas.app/Playground Ideas";
			};
			name = Release;
		};
		184190FA1F58598F0020AFBE /* Debug */ = {
			isa = XCBuildConfiguration;
			buildSettings = {
				CLANG_ENABLE_MODULES = YES;
				CODE_SIGN_IDENTITY = "";
				CURRENT_PROJECT_VERSION = 1;
				DEFINES_MODULE = YES;
				DEVELOPMENT_TEAM = KFX623L827;
				DYLIB_COMPATIBILITY_VERSION = 1;
				DYLIB_CURRENT_VERSION = 1;
				DYLIB_INSTALL_NAME_BASE = "@rpath";
				INFOPLIST_FILE = PlaygroundIdeasAPI/Info.plist;
				INSTALL_PATH = "$(LOCAL_LIBRARY_DIR)/Frameworks";
				LD_RUNPATH_SEARCH_PATHS = "$(inherited) @executable_path/Frameworks @loader_path/Frameworks";
				PRODUCT_BUNDLE_IDENTIFIER = com.PlaygroundIdeasQuoll.PlaygroundIdeasAPI;
				PRODUCT_NAME = "$(TARGET_NAME)";
				SKIP_INSTALL = YES;
				SWIFT_OPTIMIZATION_LEVEL = "-Onone";
				SWIFT_VERSION = 3.0;
				VERSIONING_SYSTEM = "apple-generic";
				VERSION_INFO_PREFIX = "";
			};
			name = Debug;
		};
		184190FB1F58598F0020AFBE /* Release */ = {
			isa = XCBuildConfiguration;
			buildSettings = {
				CLANG_ENABLE_MODULES = YES;
				CODE_SIGN_IDENTITY = "";
				CURRENT_PROJECT_VERSION = 1;
				DEFINES_MODULE = YES;
				DEVELOPMENT_TEAM = KFX623L827;
				DYLIB_COMPATIBILITY_VERSION = 1;
				DYLIB_CURRENT_VERSION = 1;
				DYLIB_INSTALL_NAME_BASE = "@rpath";
				INFOPLIST_FILE = PlaygroundIdeasAPI/Info.plist;
				INSTALL_PATH = "$(LOCAL_LIBRARY_DIR)/Frameworks";
				LD_RUNPATH_SEARCH_PATHS = "$(inherited) @executable_path/Frameworks @loader_path/Frameworks";
				PRODUCT_BUNDLE_IDENTIFIER = com.PlaygroundIdeasQuoll.PlaygroundIdeasAPI;
				PRODUCT_NAME = "$(TARGET_NAME)";
				SKIP_INSTALL = YES;
				SWIFT_VERSION = 3.0;
				VERSIONING_SYSTEM = "apple-generic";
				VERSION_INFO_PREFIX = "";
			};
			name = Release;
		};
		184190FC1F58598F0020AFBE /* Debug */ = {
			isa = XCBuildConfiguration;
			buildSettings = {
				ALWAYS_EMBED_SWIFT_STANDARD_LIBRARIES = YES;
				DEVELOPMENT_TEAM = KFX623L827;
				INFOPLIST_FILE = PlaygroundIdeasAPITests/Info.plist;
				LD_RUNPATH_SEARCH_PATHS = "$(inherited) @executable_path/Frameworks @loader_path/Frameworks";
				PRODUCT_BUNDLE_IDENTIFIER = com.PlaygroundIdeasQuoll.PlaygroundIdeasAPITests;
				PRODUCT_NAME = "$(TARGET_NAME)";
				SWIFT_VERSION = 3.0;
				TEST_HOST = "$(BUILT_PRODUCTS_DIR)/Playground Ideas.app/Playground Ideas";
			};
			name = Debug;
		};
		184190FD1F58598F0020AFBE /* Release */ = {
			isa = XCBuildConfiguration;
			buildSettings = {
				ALWAYS_EMBED_SWIFT_STANDARD_LIBRARIES = YES;
				DEVELOPMENT_TEAM = KFX623L827;
				INFOPLIST_FILE = PlaygroundIdeasAPITests/Info.plist;
				LD_RUNPATH_SEARCH_PATHS = "$(inherited) @executable_path/Frameworks @loader_path/Frameworks";
				PRODUCT_BUNDLE_IDENTIFIER = com.PlaygroundIdeasQuoll.PlaygroundIdeasAPITests;
				PRODUCT_NAME = "$(TARGET_NAME)";
				SWIFT_VERSION = 3.0;
				TEST_HOST = "$(BUILT_PRODUCTS_DIR)/Playground Ideas.app/Playground Ideas";
			};
			name = Release;
		};
/* End XCBuildConfiguration section */

/* Begin XCConfigurationList section */
		181168321F4BE65700CB2D05 /* Build configuration list for PBXProject "Playground Ideas" */ = {
			isa = XCConfigurationList;
			buildConfigurations = (
				181168561F4BE65700CB2D05 /* Debug */,
				181168571F4BE65700CB2D05 /* Release */,
			);
			defaultConfigurationIsVisible = 0;
			defaultConfigurationName = Release;
		};
		181168581F4BE65700CB2D05 /* Build configuration list for PBXNativeTarget "Playground Ideas" */ = {
			isa = XCConfigurationList;
			buildConfigurations = (
				181168591F4BE65700CB2D05 /* Debug */,
				1811685A1F4BE65700CB2D05 /* Release */,
			);
			defaultConfigurationIsVisible = 0;
			defaultConfigurationName = Release;
		};
		1811685B1F4BE65700CB2D05 /* Build configuration list for PBXNativeTarget "Playground IdeasTests" */ = {
			isa = XCConfigurationList;
			buildConfigurations = (
				1811685C1F4BE65700CB2D05 /* Debug */,
				1811685D1F4BE65700CB2D05 /* Release */,
			);
			defaultConfigurationIsVisible = 0;
			defaultConfigurationName = Release;
		};
		184190FE1F58598F0020AFBE /* Build configuration list for PBXNativeTarget "PlaygroundIdeasAPI" */ = {
			isa = XCConfigurationList;
			buildConfigurations = (
				184190FA1F58598F0020AFBE /* Debug */,
				184190FB1F58598F0020AFBE /* Release */,
			);
			defaultConfigurationIsVisible = 0;
			defaultConfigurationName = Release;
		};
		184191001F58598F0020AFBE /* Build configuration list for PBXNativeTarget "PlaygroundIdeasAPITests" */ = {
			isa = XCConfigurationList;
			buildConfigurations = (
				184190FC1F58598F0020AFBE /* Debug */,
				184190FD1F58598F0020AFBE /* Release */,
			);
			defaultConfigurationIsVisible = 0;
			defaultConfigurationName = Release;
		};
/* End XCConfigurationList section */
	};
	rootObject = 1811682F1F4BE65700CB2D05 /* Project object */;
}
